// !$*UTF8*$!
{
	archiveVersion = 1;
	classes = {
	};
	objectVersion = 55;
	objects = {

/* Begin PBXBuildFile section */
		C1A08433290AF231002377E7 /* NoteViewController.swift in Sources */ = {isa = PBXBuildFile; fileRef = C1A08432290AF231002377E7 /* NoteViewController.swift */; };
		C1A9271E290C085B00D68F2F /* UtilityFunction.swift in Sources */ = {isa = PBXBuildFile; fileRef = C1A9271D290C085B00D68F2F /* UtilityFunction.swift */; };
		C1B7148E28F7D5360009F545 /* AppDelegate.swift in Sources */ = {isa = PBXBuildFile; fileRef = C1B7148D28F7D5360009F545 /* AppDelegate.swift */; };
		C1B7149028F7D5360009F545 /* SceneDelegate.swift in Sources */ = {isa = PBXBuildFile; fileRef = C1B7148F28F7D5360009F545 /* SceneDelegate.swift */; };
		C1B7149228F7D5360009F545 /* ViewController.swift in Sources */ = {isa = PBXBuildFile; fileRef = C1B7149128F7D5360009F545 /* ViewController.swift */; };
		C1B7149528F7D5360009F545 /* Main.storyboard in Resources */ = {isa = PBXBuildFile; fileRef = C1B7149328F7D5360009F545 /* Main.storyboard */; };
		C1B7149728F7D5380009F545 /* Assets.xcassets in Resources */ = {isa = PBXBuildFile; fileRef = C1B7149628F7D5380009F545 /* Assets.xcassets */; };
		C1B7149A28F7D5380009F545 /* LaunchScreen.storyboard in Resources */ = {isa = PBXBuildFile; fileRef = C1B7149828F7D5380009F545 /* LaunchScreen.storyboard */; };
		C1B714AE28F835050009F545 /* AuthService.swift in Sources */ = {isa = PBXBuildFile; fileRef = C1B714AD28F835050009F545 /* AuthService.swift */; };
		C1B714B028F846B20009F545 /* Credentials.swift in Sources */ = {isa = PBXBuildFile; fileRef = C1B714AF28F846B20009F545 /* Credentials.swift */; };
		C1B714B228F84A7F0009F545 /* LoginViewModel.swift in Sources */ = {isa = PBXBuildFile; fileRef = C1B714B128F84A7F0009F545 /* LoginViewModel.swift */; };
/* End PBXBuildFile section */

/* Begin PBXFileReference section */
		C1A08432290AF231002377E7 /* NoteViewController.swift */ = {isa = PBXFileReference; lastKnownFileType = sourcecode.swift; path = NoteViewController.swift; sourceTree = "<group>"; };
		C1A9271D290C085B00D68F2F /* UtilityFunction.swift */ = {isa = PBXFileReference; lastKnownFileType = sourcecode.swift; path = UtilityFunction.swift; sourceTree = "<group>"; };
		C1B7148A28F7D5360009F545 /* MVVMPattern.app */ = {isa = PBXFileReference; explicitFileType = wrapper.application; includeInIndex = 0; path = MVVMPattern.app; sourceTree = BUILT_PRODUCTS_DIR; };
		C1B7148D28F7D5360009F545 /* AppDelegate.swift */ = {isa = PBXFileReference; lastKnownFileType = sourcecode.swift; path = AppDelegate.swift; sourceTree = "<group>"; };
		C1B7148F28F7D5360009F545 /* SceneDelegate.swift */ = {isa = PBXFileReference; lastKnownFileType = sourcecode.swift; path = SceneDelegate.swift; sourceTree = "<group>"; };
		C1B7149128F7D5360009F545 /* ViewController.swift */ = {isa = PBXFileReference; lastKnownFileType = sourcecode.swift; path = ViewController.swift; sourceTree = "<group>"; };
		C1B7149428F7D5360009F545 /* Base */ = {isa = PBXFileReference; lastKnownFileType = file.storyboard; name = Base; path = Base.lproj/Main.storyboard; sourceTree = "<group>"; };
		C1B7149628F7D5380009F545 /* Assets.xcassets */ = {isa = PBXFileReference; lastKnownFileType = folder.assetcatalog; path = Assets.xcassets; sourceTree = "<group>"; };
		C1B7149928F7D5380009F545 /* Base */ = {isa = PBXFileReference; lastKnownFileType = file.storyboard; name = Base; path = Base.lproj/LaunchScreen.storyboard; sourceTree = "<group>"; };
		C1B7149B28F7D5380009F545 /* Info.plist */ = {isa = PBXFileReference; lastKnownFileType = text.plist.xml; path = Info.plist; sourceTree = "<group>"; };
		C1B714AC28F7F4490009F545 /* Config.xcconfig */ = {isa = PBXFileReference; lastKnownFileType = text.xcconfig; path = Config.xcconfig; sourceTree = "<group>"; };
		C1B714AD28F835050009F545 /* AuthService.swift */ = {isa = PBXFileReference; lastKnownFileType = sourcecode.swift; path = AuthService.swift; sourceTree = "<group>"; };
		C1B714AF28F846B20009F545 /* Credentials.swift */ = {isa = PBXFileReference; lastKnownFileType = sourcecode.swift; path = Credentials.swift; sourceTree = "<group>"; };
		C1B714B128F84A7F0009F545 /* LoginViewModel.swift */ = {isa = PBXFileReference; lastKnownFileType = sourcecode.swift; path = LoginViewModel.swift; sourceTree = "<group>"; };
/* End PBXFileReference section */

/* Begin PBXFrameworksBuildPhase section */
		C1B7148728F7D5360009F545 /* Frameworks */ = {
			isa = PBXFrameworksBuildPhase;
			buildActionMask = 2147483647;
			files = (
			);
			runOnlyForDeploymentPostprocessing = 0;
		};
/* End PBXFrameworksBuildPhase section */

/* Begin PBXGroup section */
		C1B7148128F7D5360009F545 = {
			isa = PBXGroup;
			children = (
				C1B714AC28F7F4490009F545 /* Config.xcconfig */,
				C1B7148C28F7D5360009F545 /* MVVMPattern */,
				C1B7148B28F7D5360009F545 /* Products */,
			);
			sourceTree = "<group>";
		};
		C1B7148B28F7D5360009F545 /* Products */ = {
			isa = PBXGroup;
			children = (
				C1B7148A28F7D5360009F545 /* MVVMPattern.app */,
			);
			name = Products;
			sourceTree = "<group>";
		};
		C1B7148C28F7D5360009F545 /* MVVMPattern */ = {
			isa = PBXGroup;
			children = (
				C1B714A828F7DC9B0009F545 /* API Manager */,
				C1B714A528F7D6CE0009F545 /* Core */,
				C1B714AA28F7DE2A0009F545 /* Utills */,
				C1B714A628F7D8FB0009F545 /* Controller */,
				C1B714A328F7D6430009F545 /* ViewModel */,
				C1B714A228F7D6390009F545 /* View */,
				C1B714A128F7D62C0009F545 /* Model */,
				C1B7148D28F7D5360009F545 /* AppDelegate.swift */,
				C1B7148F28F7D5360009F545 /* SceneDelegate.swift */,
				C1B7149628F7D5380009F545 /* Assets.xcassets */,
				C1B7149828F7D5380009F545 /* LaunchScreen.storyboard */,
				C1B7149B28F7D5380009F545 /* Info.plist */,
			);
			path = MVVMPattern;
			sourceTree = "<group>";
		};
		C1B714A128F7D62C0009F545 /* Model */ = {
			isa = PBXGroup;
			children = (
				C1B714AF28F846B20009F545 /* Credentials.swift */,
			);
			name = Model;
			sourceTree = "<group>";
		};
		C1B714A228F7D6390009F545 /* View */ = {
			isa = PBXGroup;
			children = (
				C1B7149328F7D5360009F545 /* Main.storyboard */,
			);
			path = View;
			sourceTree = "<group>";
		};
		C1B714A328F7D6430009F545 /* ViewModel */ = {
			isa = PBXGroup;
			children = (
				C1B714B128F84A7F0009F545 /* LoginViewModel.swift */,
			);
			name = ViewModel;
			sourceTree = "<group>";
		};
		C1B714A428F7D6500009F545 /* Service */ = {
			isa = PBXGroup;
			children = (
			);
			path = Service;
			sourceTree = "<group>";
		};
		C1B714A528F7D6CE0009F545 /* Core */ = {
			isa = PBXGroup;
			children = (
			);
			name = Core;
			sourceTree = "<group>";
		};
		C1B714A628F7D8FB0009F545 /* Controller */ = {
			isa = PBXGroup;
			children = (
				C1B7149128F7D5360009F545 /* ViewController.swift */,
				C1A08432290AF231002377E7 /* NoteViewController.swift */,
			);
			path = Controller;
			sourceTree = "<group>";
		};
		C1B714A728F7D9110009F545 /* Extention */ = {
			isa = PBXGroup;
			children = (
				C1A9271D290C085B00D68F2F /* UtilityFunction.swift */,
			);
			name = Extention;
			sourceTree = "<group>";
		};
		C1B714A828F7DC9B0009F545 /* API Manager */ = {
			isa = PBXGroup;
			children = (
				C1B714A928F7DE030009F545 /* Auth Service */,
				C1B714A428F7D6500009F545 /* Service */,
			);
			path = "API Manager";
			sourceTree = "<group>";
		};
		C1B714A928F7DE030009F545 /* Auth Service */ = {
			isa = PBXGroup;
			children = (
				C1B714AD28F835050009F545 /* AuthService.swift */,
			);
			name = "Auth Service";
			sourceTree = "<group>";
		};
		C1B714AA28F7DE2A0009F545 /* Utills */ = {
			isa = PBXGroup;
			children = (
				C1B714AB28F7DE4B0009F545 /* Validation */,
				C1B714A728F7D9110009F545 /* Extention */,
			);
			name = Utills;
			sourceTree = "<group>";
		};
		C1B714AB28F7DE4B0009F545 /* Validation */ = {
			isa = PBXGroup;
			children = (
			);
			path = Validation;
			sourceTree = "<group>";
		};
/* End PBXGroup section */

/* Begin PBXNativeTarget section */
		C1B7148928F7D5360009F545 /* MVVMPattern */ = {
			isa = PBXNativeTarget;
			buildConfigurationList = C1B7149E28F7D5380009F545 /* Build configuration list for PBXNativeTarget "MVVMPattern" */;
			buildPhases = (
				C1B7148628F7D5360009F545 /* Sources */,
				C1B7148728F7D5360009F545 /* Frameworks */,
				C1B7148828F7D5360009F545 /* Resources */,
			);
			buildRules = (
			);
			dependencies = (
			);
			name = MVVMPattern;
			productName = MVVMPattern;
			productReference = C1B7148A28F7D5360009F545 /* MVVMPattern.app */;
			productType = "com.apple.product-type.application";
		};
/* End PBXNativeTarget section */

/* Begin PBXProject section */
		C1B7148228F7D5360009F545 /* Project object */ = {
			isa = PBXProject;
			attributes = {
				BuildIndependentTargetsInParallel = 1;
				LastSwiftUpdateCheck = 1320;
				LastUpgradeCheck = 1320;
				TargetAttributes = {
					C1B7148928F7D5360009F545 = {
						CreatedOnToolsVersion = 13.2.1;
					};
				};
			};
			buildConfigurationList = C1B7148528F7D5360009F545 /* Build configuration list for PBXProject "MVVMPattern" */;
			compatibilityVersion = "Xcode 13.0";
			developmentRegion = en;
			hasScannedForEncodings = 0;
			knownRegions = (
				en,
				Base,
			);
			mainGroup = C1B7148128F7D5360009F545;
			productRefGroup = C1B7148B28F7D5360009F545 /* Products */;
			projectDirPath = "";
			projectRoot = "";
			targets = (
				C1B7148928F7D5360009F545 /* MVVMPattern */,
			);
		};
/* End PBXProject section */

/* Begin PBXResourcesBuildPhase section */
		C1B7148828F7D5360009F545 /* Resources */ = {
			isa = PBXResourcesBuildPhase;
			buildActionMask = 2147483647;
			files = (
				C1B7149A28F7D5380009F545 /* LaunchScreen.storyboard in Resources */,
				C1B7149728F7D5380009F545 /* Assets.xcassets in Resources */,
				C1B7149528F7D5360009F545 /* Main.storyboard in Resources */,
			);
			runOnlyForDeploymentPostprocessing = 0;
		};
/* End PBXResourcesBuildPhase section */

/* Begin PBXSourcesBuildPhase section */
		C1B7148628F7D5360009F545 /* Sources */ = {
			isa = PBXSourcesBuildPhase;
			buildActionMask = 2147483647;
			files = (
				C1A08433290AF231002377E7 /* NoteViewController.swift in Sources */,
				C1B714AE28F835050009F545 /* AuthService.swift in Sources */,
				C1A9271E290C085B00D68F2F /* UtilityFunction.swift in Sources */,
				C1B7149228F7D5360009F545 /* ViewController.swift in Sources */,
				C1B714B228F84A7F0009F545 /* LoginViewModel.swift in Sources */,
				C1B714B028F846B20009F545 /* Credentials.swift in Sources */,
				C1B7148E28F7D5360009F545 /* AppDelegate.swift in Sources */,
				C1B7149028F7D5360009F545 /* SceneDelegate.swift in Sources */,
			);
			runOnlyForDeploymentPostprocessing = 0;
		};
/* End PBXSourcesBuildPhase section */

/* Begin PBXVariantGroup section */
		C1B7149328F7D5360009F545 /* Main.storyboard */ = {
			isa = PBXVariantGroup;
			children = (
				C1B7149428F7D5360009F545 /* Base */,
			);
			name = Main.storyboard;
			sourceTree = "<group>";
		};
		C1B7149828F7D5380009F545 /* LaunchScreen.storyboard */ = {
			isa = PBXVariantGroup;
			children = (
				C1B7149928F7D5380009F545 /* Base */,
			);
			name = LaunchScreen.storyboard;
			sourceTree = "<group>";
		};
/* End PBXVariantGroup section */

/* Begin XCBuildConfiguration section */
		C1B7149C28F7D5380009F545 /* Debug */ = {
			isa = XCBuildConfiguration;
			baseConfigurationReference = C1B714AC28F7F4490009F545 /* Config.xcconfig */;
			buildSettings = {
				ALWAYS_SEARCH_USER_PATHS = NO;
				CLANG_ANALYZER_NONNULL = YES;
				CLANG_ANALYZER_NUMBER_OBJECT_CONVERSION = YES_AGGRESSIVE;
				CLANG_CXX_LANGUAGE_STANDARD = "gnu++17";
				CLANG_CXX_LIBRARY = "libc++";
				CLANG_ENABLE_MODULES = YES;
				CLANG_ENABLE_OBJC_ARC = YES;
				CLANG_ENABLE_OBJC_WEAK = YES;
				CLANG_WARN_BLOCK_CAPTURE_AUTORELEASING = YES;
				CLANG_WARN_BOOL_CONVERSION = YES;
				CLANG_WARN_COMMA = YES;
				CLANG_WARN_CONSTANT_CONVERSION = YES;
				CLANG_WARN_DEPRECATED_OBJC_IMPLEMENTATIONS = YES;
				CLANG_WARN_DIRECT_OBJC_ISA_USAGE = YES_ERROR;
				CLANG_WARN_DOCUMENTATION_COMMENTS = YES;
				CLANG_WARN_EMPTY_BODY = YES;
				CLANG_WARN_ENUM_CONVERSION = YES;
				CLANG_WARN_INFINITE_RECURSION = YES;
				CLANG_WARN_INT_CONVERSION = YES;
				CLANG_WARN_NON_LITERAL_NULL_CONVERSION = YES;
				CLANG_WARN_OBJC_IMPLICIT_RETAIN_SELF = YES;
				CLANG_WARN_OBJC_LITERAL_CONVERSION = YES;
				CLANG_WARN_OBJC_ROOT_CLASS = YES_ERROR;
				CLANG_WARN_QUOTED_INCLUDE_IN_FRAMEWORK_HEADER = YES;
				CLANG_WARN_RANGE_LOOP_ANALYSIS = YES;
				CLANG_WARN_STRICT_PROTOTYPES = YES;
				CLANG_WARN_SUSPICIOUS_MOVE = YES;
				CLANG_WARN_UNGUARDED_AVAILABILITY = YES_AGGRESSIVE;
				CLANG_WARN_UNREACHABLE_CODE = YES;
				CLANG_WARN__DUPLICATE_METHOD_MATCH = YES;
				COPY_PHASE_STRIP = NO;
				DEBUG_INFORMATION_FORMAT = dwarf;
				ENABLE_STRICT_OBJC_MSGSEND = YES;
				ENABLE_TESTABILITY = YES;
				GCC_C_LANGUAGE_STANDARD = gnu11;
				GCC_DYNAMIC_NO_PIC = NO;
				GCC_NO_COMMON_BLOCKS = YES;
				GCC_OPTIMIZATION_LEVEL = 0;
				GCC_PREPROCESSOR_DEFINITIONS = (
					"DEBUG=1",
					"$(inherited)",
				);
				GCC_WARN_64_TO_32_BIT_CONVERSION = YES;
				GCC_WARN_ABOUT_RETURN_TYPE = YES_ERROR;
				GCC_WARN_UNDECLARED_SELECTOR = YES;
				GCC_WARN_UNINITIALIZED_AUTOS = YES_AGGRESSIVE;
				GCC_WARN_UNUSED_FUNCTION = YES;
				GCC_WARN_UNUSED_VARIABLE = YES;
				IPHONEOS_DEPLOYMENT_TARGET = 15.2;
				MTL_ENABLE_DEBUG_INFO = INCLUDE_SOURCE;
				MTL_FAST_MATH = YES;
				ONLY_ACTIVE_ARCH = YES;
				SDKROOT = iphoneos;
				SWIFT_ACTIVE_COMPILATION_CONDITIONS = DEBUG;
				SWIFT_OPTIMIZATION_LEVEL = "-Onone";
			};
			name = Debug;
		};
		C1B7149D28F7D5380009F545 /* Release */ = {
			isa = XCBuildConfiguration;
			baseConfigurationReference = C1B714AC28F7F4490009F545 /* Config.xcconfig */;
			buildSettings = {
				ALWAYS_SEARCH_USER_PATHS = NO;
				CLANG_ANALYZER_NONNULL = YES;
				CLANG_ANALYZER_NUMBER_OBJECT_CONVERSION = YES_AGGRESSIVE;
				CLANG_CXX_LANGUAGE_STANDARD = "gnu++17";
				CLANG_CXX_LIBRARY = "libc++";
				CLANG_ENABLE_MODULES = YES;
				CLANG_ENABLE_OBJC_ARC = YES;
				CLANG_ENABLE_OBJC_WEAK = YES;
				CLANG_WARN_BLOCK_CAPTURE_AUTORELEASING = YES;
				CLANG_WARN_BOOL_CONVERSION = YES;
				CLANG_WARN_COMMA = YES;
				CLANG_WARN_CONSTANT_CONVERSION = YES;
				CLANG_WARN_DEPRECATED_OBJC_IMPLEMENTATIONS = YES;
				CLANG_WARN_DIRECT_OBJC_ISA_USAGE = YES_ERROR;
				CLANG_WARN_DOCUMENTATION_COMMENTS = YES;
				CLANG_WARN_EMPTY_BODY = YES;
				CLANG_WARN_ENUM_CONVERSION = YES;
				CLANG_WARN_INFINITE_RECURSION = YES;
				CLANG_WARN_INT_CONVERSION = YES;
				CLANG_WARN_NON_LITERAL_NULL_CONVERSION = YES;
				CLANG_WARN_OBJC_IMPLICIT_RETAIN_SELF = YES;
				CLANG_WARN_OBJC_LITERAL_CONVERSION = YES;
				CLANG_WARN_OBJC_ROOT_CLASS = YES_ERROR;
				CLANG_WARN_QUOTED_INCLUDE_IN_FRAMEWORK_HEADER = YES;
				CLANG_WARN_RANGE_LOOP_ANALYSIS = YES;
				CLANG_WARN_STRICT_PROTOTYPES = YES;
				CLANG_WARN_SUSPICIOUS_MOVE = YES;
				CLANG_WARN_UNGUARDED_AVAILABILITY = YES_AGGRESSIVE;
				CLANG_WARN_UNREACHABLE_CODE = YES;
				CLANG_WARN__DUPLICATE_METHOD_MATCH = YES;
				COPY_PHASE_STRIP = NO;
				DEBUG_INFORMATION_FORMAT = "dwarf-with-dsym";
				ENABLE_NS_ASSERTIONS = NO;
				ENABLE_STRICT_OBJC_MSGSEND = YES;
				GCC_C_LANGUAGE_STANDARD = gnu11;
				GCC_NO_COMMON_BLOCKS = YES;
				GCC_WARN_64_TO_32_BIT_CONVERSION = YES;
				GCC_WARN_ABOUT_RETURN_TYPE = YES_ERROR;
				GCC_WARN_UNDECLARED_SELECTOR = YES;
				GCC_WARN_UNINITIALIZED_AUTOS = YES_AGGRESSIVE;
				GCC_WARN_UNUSED_FUNCTION = YES;
				GCC_WARN_UNUSED_VARIABLE = YES;
				IPHONEOS_DEPLOYMENT_TARGET = 15.2;
				MTL_ENABLE_DEBUG_INFO = NO;
				MTL_FAST_MATH = YES;
				SDKROOT = iphoneos;
				SWIFT_COMPILATION_MODE = wholemodule;
				SWIFT_OPTIMIZATION_LEVEL = "-O";
				VALIDATE_PRODUCT = YES;
			};
			name = Release;
		};
		C1B7149F28F7D5380009F545 /* Debug */ = {
			isa = XCBuildConfiguration;
			buildSettings = {
				ASSETCATALOG_COMPILER_APPICON_NAME = AppIcon;
				ASSETCATALOG_COMPILER_GLOBAL_ACCENT_COLOR_NAME = AccentColor;
				CODE_SIGN_STYLE = Automatic;
				CURRENT_PROJECT_VERSION = 1;
				DEVELOPMENT_TEAM = 37D4SXVKKL;
				GENERATE_INFOPLIST_FILE = YES;
				INFOPLIST_FILE = MVVMPattern/Info.plist;
				INFOPLIST_KEY_UIApplicationSupportsIndirectInputEvents = YES;
				INFOPLIST_KEY_UILaunchStoryboardName = LaunchScreen;
				INFOPLIST_KEY_UIMainStoryboardFile = Main;
				INFOPLIST_KEY_UISupportedInterfaceOrientations_iPad = "UIInterfaceOrientationPortrait UIInterfaceOrientationPortraitUpsideDown UIInterfaceOrientationLandscapeLeft UIInterfaceOrientationLandscapeRight";
				INFOPLIST_KEY_UISupportedInterfaceOrientations_iPhone = "UIInterfaceOrientationPortrait UIInterfaceOrientationLandscapeLeft UIInterfaceOrientationLandscapeRight";
				LD_RUNPATH_SEARCH_PATHS = (
					"$(inherited)",
					"@executable_path/Frameworks",
				);
				MARKETING_VERSION = 1.0;
				PRODUCT_BUNDLE_IDENTIFIER = com.pepul.SampleUI.MVVMPattern;
				PRODUCT_NAME = "$(TARGET_NAME)";
				SWIFT_EMIT_LOC_STRINGS = YES;
				SWIFT_VERSION = 5.0;
				TARGETED_DEVICE_FAMILY = "1,2";
			};
			name = Debug;
		};
		C1B714A028F7D5380009F545 /* Release */ = {
			isa = XCBuildConfiguration;
			buildSettings = {
				ASSETCATALOG_COMPILER_APPICON_NAME = AppIcon;
				ASSETCATALOG_COMPILER_GLOBAL_ACCENT_COLOR_NAME = AccentColor;
				CODE_SIGN_STYLE = Automatic;
				CURRENT_PROJECT_VERSION = 1;
				DEVELOPMENT_TEAM = 37D4SXVKKL;
				GENERATE_INFOPLIST_FILE = YES;
				INFOPLIST_FILE = MVVMPattern/Info.plist;
				INFOPLIST_KEY_UIApplicationSupportsIndirectInputEvents = YES;
				INFOPLIST_KEY_UILaunchStoryboardName = LaunchScreen;
				INFOPLIST_KEY_UIMainStoryboardFile = Main;
				INFOPLIST_KEY_UISupportedInterfaceOrientations_iPad = "UIInterfaceOrientationPortrait UIInterfaceOrientationPortraitUpsideDown UIInterfaceOrientationLandscapeLeft UIInterfaceOrientationLandscapeRight";
				INFOPLIST_KEY_UISupportedInterfaceOrientations_iPhone = "UIInterfaceOrientationPortrait UIInterfaceOrientationLandscapeLeft UIInterfaceOrientationLandscapeRight";
				LD_RUNPATH_SEARCH_PATHS = (
					"$(inherited)",
					"@executable_path/Frameworks",
				);
				MARKETING_VERSION = 1.0;
				PRODUCT_BUNDLE_IDENTIFIER = com.pepul.SampleUI.MVVMPattern;
				PRODUCT_NAME = "$(TARGET_NAME)";
				SWIFT_EMIT_LOC_STRINGS = YES;
				SWIFT_VERSION = 5.0;
				TARGETED_DEVICE_FAMILY = "1,2";
			};
			name = Release;
		};
/* End XCBuildConfiguration section */

/* Begin XCConfigurationList section */
		C1B7148528F7D5360009F545 /* Build configuration list for PBXProject "MVVMPattern" */ = {
			isa = XCConfigurationList;
			buildConfigurations = (
				C1B7149C28F7D5380009F545 /* Debug */,
				C1B7149D28F7D5380009F545 /* Release */,
			);
			defaultConfigurationIsVisible = 0;
			defaultConfigurationName = Release;
		};
		C1B7149E28F7D5380009F545 /* Build configuration list for PBXNativeTarget "MVVMPattern" */ = {
			isa = XCConfigurationList;
			buildConfigurations = (
				C1B7149F28F7D5380009F545 /* Debug */,
				C1B714A028F7D5380009F545 /* Release */,
			);
			defaultConfigurationIsVisible = 0;
			defaultConfigurationName = Release;
		};
/* End XCConfigurationList section */
	};
	rootObject = C1B7148228F7D5360009F545 /* Project object */;
}
